// !$*UTF8*$!
{
	archiveVersion = 1;
	classes = {
	};
	objectVersion = 56;
	objects = {

/* Begin PBXBuildFile section */
		E406D8B72BB4F86100FC99B3 /* TransactionCell.swift in Sources */ = {isa = PBXBuildFile; fileRef = E406D8B62BB4F86100FC99B3 /* TransactionCell.swift */; };
		E4A1D1992B730E6C009331FA /* DashboardViewController.swift in Sources */ = {isa = PBXBuildFile; fileRef = E4A1D1982B730E6C009331FA /* DashboardViewController.swift */; };
		E4A6C5BB2B948AFA000AE609 /* CustomHeader.swift in Sources */ = {isa = PBXBuildFile; fileRef = E4A6C5BA2B948AFA000AE609 /* CustomHeader.swift */; };
		E4A6C5C12B954CFB000AE609 /* Transaction.swift in Sources */ = {isa = PBXBuildFile; fileRef = E4A6C5C02B954CFB000AE609 /* Transaction.swift */; };
		E4A6C5C42B954DA2000AE609 /* DataManager.swift in Sources */ = {isa = PBXBuildFile; fileRef = E4A6C5C32B954DA2000AE609 /* DataManager.swift */; };
		E4AF74E22B1B8BA300D3A67C /* GoogleService-Info.plist in Resources */ = {isa = PBXBuildFile; fileRef = E4AF74E12B1B8BA300D3A67C /* GoogleService-Info.plist */; };
		E4AF74EE2B1B99CE00D3A67C /* ConstraintsHelper.swift in Sources */ = {isa = PBXBuildFile; fileRef = E4AF74ED2B1B99CE00D3A67C /* ConstraintsHelper.swift */; };
		E4AF74F32B1BA90E00D3A67C /* CustomButton.swift in Sources */ = {isa = PBXBuildFile; fileRef = E4AF74F22B1BA90E00D3A67C /* CustomButton.swift */; };
		E4AF74FB2B1BC0BD00D3A67C /* CustomLabel.swift in Sources */ = {isa = PBXBuildFile; fileRef = E4AF74FA2B1BC0BD00D3A67C /* CustomLabel.swift */; };
		E4AF75032B26470900D3A67C /* TabBarViewController.swift in Sources */ = {isa = PBXBuildFile; fileRef = E4AF75022B26470900D3A67C /* TabBarViewController.swift */; };
		E4B098C02BBE16EF00A7B388 /* Account.swift in Sources */ = {isa = PBXBuildFile; fileRef = E4B098BF2BBE16EF00A7B388 /* Account.swift */; };
		E4BB4B3B2B18C36800412F94 /* AppDelegate.swift in Sources */ = {isa = PBXBuildFile; fileRef = E4BB4B3A2B18C36800412F94 /* AppDelegate.swift */; };
		E4BB4B3D2B18C36800412F94 /* SceneDelegate.swift in Sources */ = {isa = PBXBuildFile; fileRef = E4BB4B3C2B18C36800412F94 /* SceneDelegate.swift */; };
		E4BB4B3F2B18C36800412F94 /* HomeViewController.swift in Sources */ = {isa = PBXBuildFile; fileRef = E4BB4B3E2B18C36800412F94 /* HomeViewController.swift */; };
		E4BB4B442B18C36B00412F94 /* Assets.xcassets in Resources */ = {isa = PBXBuildFile; fileRef = E4BB4B432B18C36B00412F94 /* Assets.xcassets */; };
		E4BB4B472B18C36B00412F94 /* LaunchScreen.storyboard in Resources */ = {isa = PBXBuildFile; fileRef = E4BB4B452B18C36B00412F94 /* LaunchScreen.storyboard */; };
		E4BB4B522B18C3EA00412F94 /* FirebaseAnalytics in Frameworks */ = {isa = PBXBuildFile; productRef = E4BB4B512B18C3EA00412F94 /* FirebaseAnalytics */; };
		E4BB4B542B18C3EA00412F94 /* FirebaseAnalyticsOnDeviceConversion in Frameworks */ = {isa = PBXBuildFile; productRef = E4BB4B532B18C3EA00412F94 /* FirebaseAnalyticsOnDeviceConversion */; };
		E4BB4B562B18C3EA00412F94 /* FirebaseAnalyticsSwift in Frameworks */ = {isa = PBXBuildFile; productRef = E4BB4B552B18C3EA00412F94 /* FirebaseAnalyticsSwift */; };
		E4BB4B582B18C3EA00412F94 /* FirebaseAnalyticsWithoutAdIdSupport in Frameworks */ = {isa = PBXBuildFile; productRef = E4BB4B572B18C3EA00412F94 /* FirebaseAnalyticsWithoutAdIdSupport */; };
		E4BB4B5A2B18C3EA00412F94 /* FirebaseAppCheck in Frameworks */ = {isa = PBXBuildFile; productRef = E4BB4B592B18C3EA00412F94 /* FirebaseAppCheck */; };
		E4BB4B5C2B18C3EA00412F94 /* FirebaseAppDistribution-Beta in Frameworks */ = {isa = PBXBuildFile; productRef = E4BB4B5B2B18C3EA00412F94 /* FirebaseAppDistribution-Beta */; };
		E4BB4B5E2B18C3EA00412F94 /* FirebaseAuth in Frameworks */ = {isa = PBXBuildFile; productRef = E4BB4B5D2B18C3EA00412F94 /* FirebaseAuth */; };
		E4BB4B602B18C3EA00412F94 /* FirebaseAuthCombine-Community in Frameworks */ = {isa = PBXBuildFile; productRef = E4BB4B5F2B18C3EA00412F94 /* FirebaseAuthCombine-Community */; };
		E4BB4B622B18C3EA00412F94 /* FirebaseCrashlytics in Frameworks */ = {isa = PBXBuildFile; productRef = E4BB4B612B18C3EA00412F94 /* FirebaseCrashlytics */; };
		E4BB4B642B18C3EA00412F94 /* FirebaseDatabase in Frameworks */ = {isa = PBXBuildFile; productRef = E4BB4B632B18C3EA00412F94 /* FirebaseDatabase */; };
		E4BB4B662B18C3EA00412F94 /* FirebaseDatabaseSwift in Frameworks */ = {isa = PBXBuildFile; productRef = E4BB4B652B18C3EA00412F94 /* FirebaseDatabaseSwift */; };
		E4BB4B682B18C3EA00412F94 /* FirebaseDynamicLinks in Frameworks */ = {isa = PBXBuildFile; productRef = E4BB4B672B18C3EA00412F94 /* FirebaseDynamicLinks */; };
		E4BB4B6A2B18C3EA00412F94 /* FirebaseFirestore in Frameworks */ = {isa = PBXBuildFile; productRef = E4BB4B692B18C3EA00412F94 /* FirebaseFirestore */; };
		E4BB4B6C2B18C3EA00412F94 /* FirebaseFirestoreCombine-Community in Frameworks */ = {isa = PBXBuildFile; productRef = E4BB4B6B2B18C3EA00412F94 /* FirebaseFirestoreCombine-Community */; };
		E4BB4B6E2B18C3EA00412F94 /* FirebaseFirestoreSwift in Frameworks */ = {isa = PBXBuildFile; productRef = E4BB4B6D2B18C3EA00412F94 /* FirebaseFirestoreSwift */; };
		E4BB4B702B18C3EA00412F94 /* FirebaseFunctions in Frameworks */ = {isa = PBXBuildFile; productRef = E4BB4B6F2B18C3EA00412F94 /* FirebaseFunctions */; };
		E4BB4B722B18C3EA00412F94 /* FirebaseFunctionsCombine-Community in Frameworks */ = {isa = PBXBuildFile; productRef = E4BB4B712B18C3EA00412F94 /* FirebaseFunctionsCombine-Community */; };
		E4BB4B742B18C3EA00412F94 /* FirebaseInAppMessaging-Beta in Frameworks */ = {isa = PBXBuildFile; productRef = E4BB4B732B18C3EA00412F94 /* FirebaseInAppMessaging-Beta */; };
		E4BB4B762B18C3EA00412F94 /* FirebaseInAppMessagingSwift-Beta in Frameworks */ = {isa = PBXBuildFile; productRef = E4BB4B752B18C3EA00412F94 /* FirebaseInAppMessagingSwift-Beta */; };
		E4BB4B782B18C3EA00412F94 /* FirebaseInstallations in Frameworks */ = {isa = PBXBuildFile; productRef = E4BB4B772B18C3EA00412F94 /* FirebaseInstallations */; };
		E4BB4B7A2B18C3EA00412F94 /* FirebaseMLModelDownloader in Frameworks */ = {isa = PBXBuildFile; productRef = E4BB4B792B18C3EA00412F94 /* FirebaseMLModelDownloader */; };
		E4BB4B7C2B18C3EA00412F94 /* FirebaseMessaging in Frameworks */ = {isa = PBXBuildFile; productRef = E4BB4B7B2B18C3EA00412F94 /* FirebaseMessaging */; };
		E4BB4B7E2B18C3EA00412F94 /* FirebasePerformance in Frameworks */ = {isa = PBXBuildFile; productRef = E4BB4B7D2B18C3EA00412F94 /* FirebasePerformance */; };
		E4BB4B802B18C3EA00412F94 /* FirebaseRemoteConfig in Frameworks */ = {isa = PBXBuildFile; productRef = E4BB4B7F2B18C3EA00412F94 /* FirebaseRemoteConfig */; };
		E4BB4B822B18C3EA00412F94 /* FirebaseRemoteConfigSwift in Frameworks */ = {isa = PBXBuildFile; productRef = E4BB4B812B18C3EA00412F94 /* FirebaseRemoteConfigSwift */; };
		E4BB4B842B18C3EA00412F94 /* FirebaseStorage in Frameworks */ = {isa = PBXBuildFile; productRef = E4BB4B832B18C3EA00412F94 /* FirebaseStorage */; };
		E4BB4B862B18C3EA00412F94 /* FirebaseStorageCombine-Community in Frameworks */ = {isa = PBXBuildFile; productRef = E4BB4B852B18C3EA00412F94 /* FirebaseStorageCombine-Community */; };
		E4CF08102B61CED5006B2EC3 /* SettingsViewController.swift in Sources */ = {isa = PBXBuildFile; fileRef = E4CF080F2B61CED5006B2EC3 /* SettingsViewController.swift */; };
		E4CF08122B61CF0E006B2EC3 /* AddTransactionViewController.swift in Sources */ = {isa = PBXBuildFile; fileRef = E4CF08112B61CF0E006B2EC3 /* AddTransactionViewController.swift */; };
		E4CF08142B61E912006B2EC3 /* Extensions.swift in Sources */ = {isa = PBXBuildFile; fileRef = E4CF08132B61E912006B2EC3 /* Extensions.swift */; };
		E4D48BA32BC315CA005D2B63 /* AccountCell.swift in Sources */ = {isa = PBXBuildFile; fileRef = E4D48BA22BC315CA005D2B63 /* AccountCell.swift */; };
		E4E3F3072B8BDB3D00197691 /* AddTransactionView.swift in Sources */ = {isa = PBXBuildFile; fileRef = E4E3F3062B8BDB3D00197691 /* AddTransactionView.swift */; };
		E4E3F3092B8BDB4E00197691 /* AddTransactionViewModel.swift in Sources */ = {isa = PBXBuildFile; fileRef = E4E3F3082B8BDB4E00197691 /* AddTransactionViewModel.swift */; };
		E4E3F30B2B8BDB5700197691 /* DashboardView.swift in Sources */ = {isa = PBXBuildFile; fileRef = E4E3F30A2B8BDB5700197691 /* DashboardView.swift */; };
		E4E3F30D2B8BDB6000197691 /* DashboardViewModel.swift in Sources */ = {isa = PBXBuildFile; fileRef = E4E3F30C2B8BDB6000197691 /* DashboardViewModel.swift */; };
		E4E3F30F2B8BDB6900197691 /* SettingsView.swift in Sources */ = {isa = PBXBuildFile; fileRef = E4E3F30E2B8BDB6900197691 /* SettingsView.swift */; };
		E4E3F3112B8BDB7100197691 /* SettingsViewModel.swift in Sources */ = {isa = PBXBuildFile; fileRef = E4E3F3102B8BDB7100197691 /* SettingsViewModel.swift */; };
		E4E3F3142B8BDBCE00197691 /* BalanceView.swift in Sources */ = {isa = PBXBuildFile; fileRef = E4E3F3132B8BDBCE00197691 /* BalanceView.swift */; };
		E4E3F3162B8BDBDB00197691 /* BalanceViewModel.swift in Sources */ = {isa = PBXBuildFile; fileRef = E4E3F3152B8BDBDB00197691 /* BalanceViewModel.swift */; };
		E4E3F3182B8BDBF000197691 /* BalanceViewController.swift in Sources */ = {isa = PBXBuildFile; fileRef = E4E3F3172B8BDBF000197691 /* BalanceViewController.swift */; };
		E4E3F31B2B8BDC3900197691 /* AccountsView.swift in Sources */ = {isa = PBXBuildFile; fileRef = E4E3F31A2B8BDC3900197691 /* AccountsView.swift */; };
		E4E3F31D2B8BDC4200197691 /* AccountsViewModel.swift in Sources */ = {isa = PBXBuildFile; fileRef = E4E3F31C2B8BDC4200197691 /* AccountsViewModel.swift */; };
		E4E3F31F2B8BDC4C00197691 /* AccountsViewController.swift in Sources */ = {isa = PBXBuildFile; fileRef = E4E3F31E2B8BDC4C00197691 /* AccountsViewController.swift */; };
		E4E3F3242B8BDC9600197691 /* AddAccountView.swift in Sources */ = {isa = PBXBuildFile; fileRef = E4E3F3232B8BDC9600197691 /* AddAccountView.swift */; };
		E4E3F3262B8BDC9E00197691 /* AddAccountViewModel.swift in Sources */ = {isa = PBXBuildFile; fileRef = E4E3F3252B8BDC9E00197691 /* AddAccountViewModel.swift */; };
		E4E3F3282B8BDCA700197691 /* AddAccountViewController.swift in Sources */ = {isa = PBXBuildFile; fileRef = E4E3F3272B8BDCA700197691 /* AddAccountViewController.swift */; };
/* End PBXBuildFile section */

/* Begin PBXFileReference section */
		E406D8B62BB4F86100FC99B3 /* TransactionCell.swift */ = {isa = PBXFileReference; lastKnownFileType = sourcecode.swift; path = TransactionCell.swift; sourceTree = "<group>"; };
		E4A1D1982B730E6C009331FA /* DashboardViewController.swift */ = {isa = PBXFileReference; lastKnownFileType = sourcecode.swift; path = DashboardViewController.swift; sourceTree = "<group>"; };
		E4A6C5BA2B948AFA000AE609 /* CustomHeader.swift */ = {isa = PBXFileReference; lastKnownFileType = sourcecode.swift; path = CustomHeader.swift; sourceTree = "<group>"; };
		E4A6C5C02B954CFB000AE609 /* Transaction.swift */ = {isa = PBXFileReference; lastKnownFileType = sourcecode.swift; path = Transaction.swift; sourceTree = "<group>"; };
		E4A6C5C32B954DA2000AE609 /* DataManager.swift */ = {isa = PBXFileReference; lastKnownFileType = sourcecode.swift; path = DataManager.swift; sourceTree = "<group>"; };
		E4AF74E12B1B8BA300D3A67C /* GoogleService-Info.plist */ = {isa = PBXFileReference; fileEncoding = 4; lastKnownFileType = text.plist.xml; path = "GoogleService-Info.plist"; sourceTree = "<group>"; };
		E4AF74ED2B1B99CE00D3A67C /* ConstraintsHelper.swift */ = {isa = PBXFileReference; lastKnownFileType = sourcecode.swift; path = ConstraintsHelper.swift; sourceTree = "<group>"; };
		E4AF74F22B1BA90E00D3A67C /* CustomButton.swift */ = {isa = PBXFileReference; lastKnownFileType = sourcecode.swift; path = CustomButton.swift; sourceTree = "<group>"; };
		E4AF74FA2B1BC0BD00D3A67C /* CustomLabel.swift */ = {isa = PBXFileReference; lastKnownFileType = sourcecode.swift; path = CustomLabel.swift; sourceTree = "<group>"; };
		E4AF75022B26470900D3A67C /* TabBarViewController.swift */ = {isa = PBXFileReference; lastKnownFileType = sourcecode.swift; path = TabBarViewController.swift; sourceTree = "<group>"; };
		E4B098BF2BBE16EF00A7B388 /* Account.swift */ = {isa = PBXFileReference; lastKnownFileType = sourcecode.swift; path = Account.swift; sourceTree = "<group>"; };
		E4BB4B372B18C36800412F94 /* FlexWallet.app */ = {isa = PBXFileReference; explicitFileType = wrapper.application; includeInIndex = 0; path = FlexWallet.app; sourceTree = BUILT_PRODUCTS_DIR; };
		E4BB4B3A2B18C36800412F94 /* AppDelegate.swift */ = {isa = PBXFileReference; lastKnownFileType = sourcecode.swift; path = AppDelegate.swift; sourceTree = "<group>"; };
		E4BB4B3C2B18C36800412F94 /* SceneDelegate.swift */ = {isa = PBXFileReference; lastKnownFileType = sourcecode.swift; path = SceneDelegate.swift; sourceTree = "<group>"; };
		E4BB4B3E2B18C36800412F94 /* HomeViewController.swift */ = {isa = PBXFileReference; lastKnownFileType = sourcecode.swift; path = HomeViewController.swift; sourceTree = "<group>"; };
		E4BB4B432B18C36B00412F94 /* Assets.xcassets */ = {isa = PBXFileReference; lastKnownFileType = folder.assetcatalog; path = Assets.xcassets; sourceTree = "<group>"; };
		E4BB4B462B18C36B00412F94 /* Base */ = {isa = PBXFileReference; lastKnownFileType = file.storyboard; name = Base; path = Base.lproj/LaunchScreen.storyboard; sourceTree = "<group>"; };
		E4BB4B482B18C36B00412F94 /* Info.plist */ = {isa = PBXFileReference; lastKnownFileType = text.plist.xml; path = Info.plist; sourceTree = "<group>"; };
		E4CF080F2B61CED5006B2EC3 /* SettingsViewController.swift */ = {isa = PBXFileReference; lastKnownFileType = sourcecode.swift; path = SettingsViewController.swift; sourceTree = "<group>"; };
		E4CF08112B61CF0E006B2EC3 /* AddTransactionViewController.swift */ = {isa = PBXFileReference; lastKnownFileType = sourcecode.swift; path = AddTransactionViewController.swift; sourceTree = "<group>"; };
		E4CF08132B61E912006B2EC3 /* Extensions.swift */ = {isa = PBXFileReference; lastKnownFileType = sourcecode.swift; path = Extensions.swift; sourceTree = "<group>"; };
		E4D48BA22BC315CA005D2B63 /* AccountCell.swift */ = {isa = PBXFileReference; lastKnownFileType = sourcecode.swift; path = AccountCell.swift; sourceTree = "<group>"; };
		E4E3F3062B8BDB3D00197691 /* AddTransactionView.swift */ = {isa = PBXFileReference; lastKnownFileType = sourcecode.swift; path = AddTransactionView.swift; sourceTree = "<group>"; };
		E4E3F3082B8BDB4E00197691 /* AddTransactionViewModel.swift */ = {isa = PBXFileReference; lastKnownFileType = sourcecode.swift; path = AddTransactionViewModel.swift; sourceTree = "<group>"; };
		E4E3F30A2B8BDB5700197691 /* DashboardView.swift */ = {isa = PBXFileReference; lastKnownFileType = sourcecode.swift; path = DashboardView.swift; sourceTree = "<group>"; };
		E4E3F30C2B8BDB6000197691 /* DashboardViewModel.swift */ = {isa = PBXFileReference; lastKnownFileType = sourcecode.swift; path = DashboardViewModel.swift; sourceTree = "<group>"; };
		E4E3F30E2B8BDB6900197691 /* SettingsView.swift */ = {isa = PBXFileReference; lastKnownFileType = sourcecode.swift; path = SettingsView.swift; sourceTree = "<group>"; };
		E4E3F3102B8BDB7100197691 /* SettingsViewModel.swift */ = {isa = PBXFileReference; lastKnownFileType = sourcecode.swift; path = SettingsViewModel.swift; sourceTree = "<group>"; };
		E4E3F3132B8BDBCE00197691 /* BalanceView.swift */ = {isa = PBXFileReference; lastKnownFileType = sourcecode.swift; path = BalanceView.swift; sourceTree = "<group>"; };
		E4E3F3152B8BDBDB00197691 /* BalanceViewModel.swift */ = {isa = PBXFileReference; lastKnownFileType = sourcecode.swift; path = BalanceViewModel.swift; sourceTree = "<group>"; };
		E4E3F3172B8BDBF000197691 /* BalanceViewController.swift */ = {isa = PBXFileReference; lastKnownFileType = sourcecode.swift; path = BalanceViewController.swift; sourceTree = "<group>"; };
		E4E3F31A2B8BDC3900197691 /* AccountsView.swift */ = {isa = PBXFileReference; lastKnownFileType = sourcecode.swift; path = AccountsView.swift; sourceTree = "<group>"; };
		E4E3F31C2B8BDC4200197691 /* AccountsViewModel.swift */ = {isa = PBXFileReference; lastKnownFileType = sourcecode.swift; path = AccountsViewModel.swift; sourceTree = "<group>"; };
		E4E3F31E2B8BDC4C00197691 /* AccountsViewController.swift */ = {isa = PBXFileReference; lastKnownFileType = sourcecode.swift; path = AccountsViewController.swift; sourceTree = "<group>"; };
		E4E3F3232B8BDC9600197691 /* AddAccountView.swift */ = {isa = PBXFileReference; lastKnownFileType = sourcecode.swift; path = AddAccountView.swift; sourceTree = "<group>"; };
		E4E3F3252B8BDC9E00197691 /* AddAccountViewModel.swift */ = {isa = PBXFileReference; lastKnownFileType = sourcecode.swift; path = AddAccountViewModel.swift; sourceTree = "<group>"; };
		E4E3F3272B8BDCA700197691 /* AddAccountViewController.swift */ = {isa = PBXFileReference; lastKnownFileType = sourcecode.swift; path = AddAccountViewController.swift; sourceTree = "<group>"; };
/* End PBXFileReference section */

/* Begin PBXFrameworksBuildPhase section */
		E4BB4B342B18C36800412F94 /* Frameworks */ = {
			isa = PBXFrameworksBuildPhase;
			buildActionMask = 2147483647;
			files = (
				E4BB4B642B18C3EA00412F94 /* FirebaseDatabase in Frameworks */,
				E4BB4B722B18C3EA00412F94 /* FirebaseFunctionsCombine-Community in Frameworks */,
				E4BB4B6A2B18C3EA00412F94 /* FirebaseFirestore in Frameworks */,
				E4BB4B562B18C3EA00412F94 /* FirebaseAnalyticsSwift in Frameworks */,
				E4BB4B522B18C3EA00412F94 /* FirebaseAnalytics in Frameworks */,
				E4BB4B542B18C3EA00412F94 /* FirebaseAnalyticsOnDeviceConversion in Frameworks */,
				E4BB4B7A2B18C3EA00412F94 /* FirebaseMLModelDownloader in Frameworks */,
				E4BB4B6E2B18C3EA00412F94 /* FirebaseFirestoreSwift in Frameworks */,
				E4BB4B5A2B18C3EA00412F94 /* FirebaseAppCheck in Frameworks */,
				E4BB4B582B18C3EA00412F94 /* FirebaseAnalyticsWithoutAdIdSupport in Frameworks */,
				E4BB4B5E2B18C3EA00412F94 /* FirebaseAuth in Frameworks */,
				E4BB4B622B18C3EA00412F94 /* FirebaseCrashlytics in Frameworks */,
				E4BB4B822B18C3EA00412F94 /* FirebaseRemoteConfigSwift in Frameworks */,
				E4BB4B742B18C3EA00412F94 /* FirebaseInAppMessaging-Beta in Frameworks */,
				E4BB4B662B18C3EA00412F94 /* FirebaseDatabaseSwift in Frameworks */,
				E4BB4B702B18C3EA00412F94 /* FirebaseFunctions in Frameworks */,
				E4BB4B862B18C3EA00412F94 /* FirebaseStorageCombine-Community in Frameworks */,
				E4BB4B802B18C3EA00412F94 /* FirebaseRemoteConfig in Frameworks */,
				E4BB4B5C2B18C3EA00412F94 /* FirebaseAppDistribution-Beta in Frameworks */,
				E4BB4B602B18C3EA00412F94 /* FirebaseAuthCombine-Community in Frameworks */,
				E4BB4B7E2B18C3EA00412F94 /* FirebasePerformance in Frameworks */,
				E4BB4B762B18C3EA00412F94 /* FirebaseInAppMessagingSwift-Beta in Frameworks */,
				E4BB4B842B18C3EA00412F94 /* FirebaseStorage in Frameworks */,
				E4BB4B682B18C3EA00412F94 /* FirebaseDynamicLinks in Frameworks */,
				E4BB4B6C2B18C3EA00412F94 /* FirebaseFirestoreCombine-Community in Frameworks */,
				E4BB4B7C2B18C3EA00412F94 /* FirebaseMessaging in Frameworks */,
				E4BB4B782B18C3EA00412F94 /* FirebaseInstallations in Frameworks */,
			);
			runOnlyForDeploymentPostprocessing = 0;
		};
/* End PBXFrameworksBuildPhase section */

/* Begin PBXGroup section */
		E4A6C5BF2B954CED000AE609 /* DataModels */ = {
			isa = PBXGroup;
			children = (
				E4A6C5C02B954CFB000AE609 /* Transaction.swift */,
				E4B098BF2BBE16EF00A7B388 /* Account.swift */,
			);
			path = DataModels;
			sourceTree = "<group>";
		};
		E4A6C5C22B954D97000AE609 /* Service */ = {
			isa = PBXGroup;
			children = (
				E4A6C5C32B954DA2000AE609 /* DataManager.swift */,
			);
			path = Service;
			sourceTree = "<group>";
		};
		E4AF74EC2B1B99A600D3A67C /* Helpers */ = {
			isa = PBXGroup;
			children = (
				E4AF74ED2B1B99CE00D3A67C /* ConstraintsHelper.swift */,
				E4CF08132B61E912006B2EC3 /* Extensions.swift */,
			);
			path = Helpers;
			sourceTree = "<group>";
		};
		E4AF74F12B1BA8FE00D3A67C /* CustomComponents */ = {
			isa = PBXGroup;
			children = (
				E4AF74F22B1BA90E00D3A67C /* CustomButton.swift */,
				E4AF74FA2B1BC0BD00D3A67C /* CustomLabel.swift */,
				E4A6C5BA2B948AFA000AE609 /* CustomHeader.swift */,
			);
			path = CustomComponents;
			sourceTree = "<group>";
		};
		E4AF75012B2646F600D3A67C /* Main */ = {
			isa = PBXGroup;
			children = (
				E4E3F3052B8BD42D00197691 /* Home */,
				E4AF75022B26470900D3A67C /* TabBarViewController.swift */,
			);
			path = Main;
			sourceTree = "<group>";
		};
		E4BB4B2E2B18C36800412F94 = {
			isa = PBXGroup;
			children = (
				E4BB4B392B18C36800412F94 /* FlexWallet */,
				E4BB4B382B18C36800412F94 /* Products */,
			);
			sourceTree = "<group>";
		};
		E4BB4B382B18C36800412F94 /* Products */ = {
			isa = PBXGroup;
			children = (
				E4BB4B372B18C36800412F94 /* FlexWallet.app */,
			);
			name = Products;
			sourceTree = "<group>";
		};
		E4BB4B392B18C36800412F94 /* FlexWallet */ = {
			isa = PBXGroup;
			children = (
				E4A6C5C22B954D97000AE609 /* Service */,
				E4A6C5BF2B954CED000AE609 /* DataModels */,
				E4E3F3222B8BDC8500197691 /* AddAccount */,
				E4E3F3192B8BDC2700197691 /* Accounts */,
				E4E3F3122B8BDBC000197691 /* Expenses */,
				E4E3F3032B8BD3EE00197691 /* Dashboard */,
				E4E3F3022B8BD3D600197691 /* Settings */,
				E4AF75012B2646F600D3A67C /* Main */,
				E4AF74F12B1BA8FE00D3A67C /* CustomComponents */,
				E4AF74EC2B1B99A600D3A67C /* Helpers */,
				E4BB4B3A2B18C36800412F94 /* AppDelegate.swift */,
				E4BB4B3C2B18C36800412F94 /* SceneDelegate.swift */,
				E4BB4B432B18C36B00412F94 /* Assets.xcassets */,
				E4BB4B452B18C36B00412F94 /* LaunchScreen.storyboard */,
				E4BB4B482B18C36B00412F94 /* Info.plist */,
				E4AF74E12B1B8BA300D3A67C /* GoogleService-Info.plist */,
			);
			path = FlexWallet;
			sourceTree = "<group>";
		};
		E4E3F3022B8BD3D600197691 /* Settings */ = {
			isa = PBXGroup;
			children = (
				E4CF080F2B61CED5006B2EC3 /* SettingsViewController.swift */,
				E4E3F30E2B8BDB6900197691 /* SettingsView.swift */,
				E4E3F3102B8BDB7100197691 /* SettingsViewModel.swift */,
			);
			path = Settings;
			sourceTree = "<group>";
		};
		E4E3F3032B8BD3EE00197691 /* Dashboard */ = {
			isa = PBXGroup;
			children = (
				E4A1D1982B730E6C009331FA /* DashboardViewController.swift */,
				E4E3F30A2B8BDB5700197691 /* DashboardView.swift */,
				E4E3F30C2B8BDB6000197691 /* DashboardViewModel.swift */,
			);
			path = Dashboard;
			sourceTree = "<group>";
		};
		E4E3F3042B8BD40400197691 /* AddExpense */ = {
			isa = PBXGroup;
			children = (
				E4CF08112B61CF0E006B2EC3 /* AddTransactionViewController.swift */,
				E4E3F3062B8BDB3D00197691 /* AddTransactionView.swift */,
				E4E3F3082B8BDB4E00197691 /* AddTransactionViewModel.swift */,
			);
			path = AddExpense;
			sourceTree = "<group>";
		};
		E4E3F3052B8BD42D00197691 /* Home */ = {
			isa = PBXGroup;
			children = (
				E4BB4B3E2B18C36800412F94 /* HomeViewController.swift */,
			);
			path = Home;
			sourceTree = "<group>";
		};
		E4E3F3122B8BDBC000197691 /* Expenses */ = {
			isa = PBXGroup;
			children = (
				E4E3F3132B8BDBCE00197691 /* BalanceView.swift */,
				E4E3F3152B8BDBDB00197691 /* BalanceViewModel.swift */,
				E4E3F3172B8BDBF000197691 /* BalanceViewController.swift */,
				E406D8B62BB4F86100FC99B3 /* TransactionCell.swift */,
				E4E3F3042B8BD40400197691 /* AddExpense */,
			);
			path = Expenses;
			sourceTree = "<group>";
		};
		E4E3F3192B8BDC2700197691 /* Accounts */ = {
			isa = PBXGroup;
			children = (
				E4E3F31A2B8BDC3900197691 /* AccountsView.swift */,
				E4E3F31C2B8BDC4200197691 /* AccountsViewModel.swift */,
				E4E3F31E2B8BDC4C00197691 /* AccountsViewController.swift */,
				E4D48BA22BC315CA005D2B63 /* AccountCell.swift */,
			);
			path = Accounts;
			sourceTree = "<group>";
		};
		E4E3F3222B8BDC8500197691 /* AddAccount */ = {
			isa = PBXGroup;
			children = (
				E4E3F3232B8BDC9600197691 /* AddAccountView.swift */,
				E4E3F3252B8BDC9E00197691 /* AddAccountViewModel.swift */,
				E4E3F3272B8BDCA700197691 /* AddAccountViewController.swift */,
			);
			path = AddAccount;
			sourceTree = "<group>";
		};
/* End PBXGroup section */

/* Begin PBXNativeTarget section */
		E4BB4B362B18C36800412F94 /* FlexWallet */ = {
			isa = PBXNativeTarget;
			buildConfigurationList = E4BB4B4B2B18C36B00412F94 /* Build configuration list for PBXNativeTarget "FlexWallet" */;
			buildPhases = (
				E4BB4B332B18C36800412F94 /* Sources */,
				E4BB4B342B18C36800412F94 /* Frameworks */,
				E4BB4B352B18C36800412F94 /* Resources */,
			);
			buildRules = (
			);
			dependencies = (
			);
			name = FlexWallet;
			packageProductDependencies = (
				E4BB4B512B18C3EA00412F94 /* FirebaseAnalytics */,
				E4BB4B532B18C3EA00412F94 /* FirebaseAnalyticsOnDeviceConversion */,
				E4BB4B552B18C3EA00412F94 /* FirebaseAnalyticsSwift */,
				E4BB4B572B18C3EA00412F94 /* FirebaseAnalyticsWithoutAdIdSupport */,
				E4BB4B592B18C3EA00412F94 /* FirebaseAppCheck */,
				E4BB4B5B2B18C3EA00412F94 /* FirebaseAppDistribution-Beta */,
				E4BB4B5D2B18C3EA00412F94 /* FirebaseAuth */,
				E4BB4B5F2B18C3EA00412F94 /* FirebaseAuthCombine-Community */,
				E4BB4B612B18C3EA00412F94 /* FirebaseCrashlytics */,
				E4BB4B632B18C3EA00412F94 /* FirebaseDatabase */,
				E4BB4B652B18C3EA00412F94 /* FirebaseDatabaseSwift */,
				E4BB4B672B18C3EA00412F94 /* FirebaseDynamicLinks */,
				E4BB4B692B18C3EA00412F94 /* FirebaseFirestore */,
				E4BB4B6B2B18C3EA00412F94 /* FirebaseFirestoreCombine-Community */,
				E4BB4B6D2B18C3EA00412F94 /* FirebaseFirestoreSwift */,
				E4BB4B6F2B18C3EA00412F94 /* FirebaseFunctions */,
				E4BB4B712B18C3EA00412F94 /* FirebaseFunctionsCombine-Community */,
				E4BB4B732B18C3EA00412F94 /* FirebaseInAppMessaging-Beta */,
				E4BB4B752B18C3EA00412F94 /* FirebaseInAppMessagingSwift-Beta */,
				E4BB4B772B18C3EA00412F94 /* FirebaseInstallations */,
				E4BB4B792B18C3EA00412F94 /* FirebaseMLModelDownloader */,
				E4BB4B7B2B18C3EA00412F94 /* FirebaseMessaging */,
				E4BB4B7D2B18C3EA00412F94 /* FirebasePerformance */,
				E4BB4B7F2B18C3EA00412F94 /* FirebaseRemoteConfig */,
				E4BB4B812B18C3EA00412F94 /* FirebaseRemoteConfigSwift */,
				E4BB4B832B18C3EA00412F94 /* FirebaseStorage */,
				E4BB4B852B18C3EA00412F94 /* FirebaseStorageCombine-Community */,
			);
			productName = FlexWallet;
			productReference = E4BB4B372B18C36800412F94 /* FlexWallet.app */;
			productType = "com.apple.product-type.application";
		};
/* End PBXNativeTarget section */

/* Begin PBXProject section */
		E4BB4B2F2B18C36800412F94 /* Project object */ = {
			isa = PBXProject;
			attributes = {
				BuildIndependentTargetsInParallel = 1;
				LastSwiftUpdateCheck = 1500;
				LastUpgradeCheck = 1500;
				TargetAttributes = {
					E4BB4B362B18C36800412F94 = {
						CreatedOnToolsVersion = 15.0.1;
					};
				};
			};
			buildConfigurationList = E4BB4B322B18C36800412F94 /* Build configuration list for PBXProject "FlexWallet" */;
			compatibilityVersion = "Xcode 14.0";
			developmentRegion = en;
			hasScannedForEncodings = 0;
			knownRegions = (
				en,
				Base,
			);
			mainGroup = E4BB4B2E2B18C36800412F94;
			packageReferences = (
				E4BB4B502B18C3EA00412F94 /* XCRemoteSwiftPackageReference "firebase-ios-sdk" */,
			);
			productRefGroup = E4BB4B382B18C36800412F94 /* Products */;
			projectDirPath = "";
			projectRoot = "";
			targets = (
				E4BB4B362B18C36800412F94 /* FlexWallet */,
			);
		};
/* End PBXProject section */

/* Begin PBXResourcesBuildPhase section */
		E4BB4B352B18C36800412F94 /* Resources */ = {
			isa = PBXResourcesBuildPhase;
			buildActionMask = 2147483647;
			files = (
				E4BB4B472B18C36B00412F94 /* LaunchScreen.storyboard in Resources */,
				E4AF74E22B1B8BA300D3A67C /* GoogleService-Info.plist in Resources */,
				E4BB4B442B18C36B00412F94 /* Assets.xcassets in Resources */,
			);
			runOnlyForDeploymentPostprocessing = 0;
		};
/* End PBXResourcesBuildPhase section */

/* Begin PBXSourcesBuildPhase section */
		E4BB4B332B18C36800412F94 /* Sources */ = {
			isa = PBXSourcesBuildPhase;
			buildActionMask = 2147483647;
			files = (
				E4E3F3092B8BDB4E00197691 /* AddTransactionViewModel.swift in Sources */,
				E4A6C5C42B954DA2000AE609 /* DataManager.swift in Sources */,
				E4AF74FB2B1BC0BD00D3A67C /* CustomLabel.swift in Sources */,
				E4AF74EE2B1B99CE00D3A67C /* ConstraintsHelper.swift in Sources */,
				E4E3F30B2B8BDB5700197691 /* DashboardView.swift in Sources */,
				E4E3F31D2B8BDC4200197691 /* AccountsViewModel.swift in Sources */,
				E4CF08142B61E912006B2EC3 /* Extensions.swift in Sources */,
				E4E3F3072B8BDB3D00197691 /* AddTransactionView.swift in Sources */,
				E406D8B72BB4F86100FC99B3 /* TransactionCell.swift in Sources */,
				E4E3F30D2B8BDB6000197691 /* DashboardViewModel.swift in Sources */,
				E4E3F3242B8BDC9600197691 /* AddAccountView.swift in Sources */,
				E4BB4B3F2B18C36800412F94 /* HomeViewController.swift in Sources */,
				E4E3F3112B8BDB7100197691 /* SettingsViewModel.swift in Sources */,
				E4D48BA32BC315CA005D2B63 /* AccountCell.swift in Sources */,
				E4BB4B3B2B18C36800412F94 /* AppDelegate.swift in Sources */,
				E4E3F30F2B8BDB6900197691 /* SettingsView.swift in Sources */,
				E4E3F31B2B8BDC3900197691 /* AccountsView.swift in Sources */,
				E4E3F31F2B8BDC4C00197691 /* AccountsViewController.swift in Sources */,
				E4E3F3262B8BDC9E00197691 /* AddAccountViewModel.swift in Sources */,
				E4E3F3162B8BDBDB00197691 /* BalanceViewModel.swift in Sources */,
				E4A6C5BB2B948AFA000AE609 /* CustomHeader.swift in Sources */,
				E4E3F3142B8BDBCE00197691 /* BalanceView.swift in Sources */,
				E4E3F3182B8BDBF000197691 /* BalanceViewController.swift in Sources */,
				E4CF08122B61CF0E006B2EC3 /* AddTransactionViewController.swift in Sources */,
				E4AF74F32B1BA90E00D3A67C /* CustomButton.swift in Sources */,
				E4AF75032B26470900D3A67C /* TabBarViewController.swift in Sources */,
				E4A1D1992B730E6C009331FA /* DashboardViewController.swift in Sources */,
				E4A6C5C12B954CFB000AE609 /* Transaction.swift in Sources */,
				E4B098C02BBE16EF00A7B388 /* Account.swift in Sources */,
				E4BB4B3D2B18C36800412F94 /* SceneDelegate.swift in Sources */,
				E4E3F3282B8BDCA700197691 /* AddAccountViewController.swift in Sources */,
				E4CF08102B61CED5006B2EC3 /* SettingsViewController.swift in Sources */,
			);
			runOnlyForDeploymentPostprocessing = 0;
		};
/* End PBXSourcesBuildPhase section */

/* Begin PBXVariantGroup section */
		E4BB4B452B18C36B00412F94 /* LaunchScreen.storyboard */ = {
			isa = PBXVariantGroup;
			children = (
				E4BB4B462B18C36B00412F94 /* Base */,
			);
			name = LaunchScreen.storyboard;
			sourceTree = "<group>";
		};
/* End PBXVariantGroup section */

/* Begin XCBuildConfiguration section */
		E4BB4B492B18C36B00412F94 /* Debug */ = {
			isa = XCBuildConfiguration;
			buildSettings = {
				ALWAYS_SEARCH_USER_PATHS = NO;
				ASSETCATALOG_COMPILER_GENERATE_SWIFT_ASSET_SYMBOL_EXTENSIONS = YES;
				CLANG_ANALYZER_NONNULL = YES;
				CLANG_ANALYZER_NUMBER_OBJECT_CONVERSION = YES_AGGRESSIVE;
				CLANG_CXX_LANGUAGE_STANDARD = "gnu++20";
				CLANG_ENABLE_MODULES = YES;
				CLANG_ENABLE_OBJC_ARC = YES;
				CLANG_ENABLE_OBJC_WEAK = YES;
				CLANG_WARN_BLOCK_CAPTURE_AUTORELEASING = YES;
				CLANG_WARN_BOOL_CONVERSION = YES;
				CLANG_WARN_COMMA = YES;
				CLANG_WARN_CONSTANT_CONVERSION = YES;
				CLANG_WARN_DEPRECATED_OBJC_IMPLEMENTATIONS = YES;
				CLANG_WARN_DIRECT_OBJC_ISA_USAGE = YES_ERROR;
				CLANG_WARN_DOCUMENTATION_COMMENTS = YES;
				CLANG_WARN_EMPTY_BODY = YES;
				CLANG_WARN_ENUM_CONVERSION = YES;
				CLANG_WARN_INFINITE_RECURSION = YES;
				CLANG_WARN_INT_CONVERSION = YES;
				CLANG_WARN_NON_LITERAL_NULL_CONVERSION = YES;
				CLANG_WARN_OBJC_IMPLICIT_RETAIN_SELF = YES;
				CLANG_WARN_OBJC_LITERAL_CONVERSION = YES;
				CLANG_WARN_OBJC_ROOT_CLASS = YES_ERROR;
				CLANG_WARN_QUOTED_INCLUDE_IN_FRAMEWORK_HEADER = YES;
				CLANG_WARN_RANGE_LOOP_ANALYSIS = YES;
				CLANG_WARN_STRICT_PROTOTYPES = YES;
				CLANG_WARN_SUSPICIOUS_MOVE = YES;
				CLANG_WARN_UNGUARDED_AVAILABILITY = YES_AGGRESSIVE;
				CLANG_WARN_UNREACHABLE_CODE = YES;
				CLANG_WARN__DUPLICATE_METHOD_MATCH = YES;
				COPY_PHASE_STRIP = NO;
				DEBUG_INFORMATION_FORMAT = dwarf;
				ENABLE_STRICT_OBJC_MSGSEND = YES;
				ENABLE_TESTABILITY = YES;
				ENABLE_USER_SCRIPT_SANDBOXING = YES;
				GCC_C_LANGUAGE_STANDARD = gnu17;
				GCC_DYNAMIC_NO_PIC = NO;
				GCC_NO_COMMON_BLOCKS = YES;
				GCC_OPTIMIZATION_LEVEL = 0;
				GCC_PREPROCESSOR_DEFINITIONS = (
					"DEBUG=1",
					"$(inherited)",
				);
				GCC_WARN_64_TO_32_BIT_CONVERSION = YES;
				GCC_WARN_ABOUT_RETURN_TYPE = YES_ERROR;
				GCC_WARN_UNDECLARED_SELECTOR = YES;
				GCC_WARN_UNINITIALIZED_AUTOS = YES_AGGRESSIVE;
				GCC_WARN_UNUSED_FUNCTION = YES;
				GCC_WARN_UNUSED_VARIABLE = YES;
				IPHONEOS_DEPLOYMENT_TARGET = 16.0;
				LOCALIZATION_PREFERS_STRING_CATALOGS = YES;
				MTL_ENABLE_DEBUG_INFO = INCLUDE_SOURCE;
				MTL_FAST_MATH = YES;
				ONLY_ACTIVE_ARCH = YES;
				SDKROOT = iphoneos;
				SWIFT_ACTIVE_COMPILATION_CONDITIONS = "DEBUG $(inherited)";
				SWIFT_OPTIMIZATION_LEVEL = "-Onone";
			};
			name = Debug;
		};
		E4BB4B4A2B18C36B00412F94 /* Release */ = {
			isa = XCBuildConfiguration;
			buildSettings = {
				ALWAYS_SEARCH_USER_PATHS = NO;
				ASSETCATALOG_COMPILER_GENERATE_SWIFT_ASSET_SYMBOL_EXTENSIONS = YES;
				CLANG_ANALYZER_NONNULL = YES;
				CLANG_ANALYZER_NUMBER_OBJECT_CONVERSION = YES_AGGRESSIVE;
				CLANG_CXX_LANGUAGE_STANDARD = "gnu++20";
				CLANG_ENABLE_MODULES = YES;
				CLANG_ENABLE_OBJC_ARC = YES;
				CLANG_ENABLE_OBJC_WEAK = YES;
				CLANG_WARN_BLOCK_CAPTURE_AUTORELEASING = YES;
				CLANG_WARN_BOOL_CONVERSION = YES;
				CLANG_WARN_COMMA = YES;
				CLANG_WARN_CONSTANT_CONVERSION = YES;
				CLANG_WARN_DEPRECATED_OBJC_IMPLEMENTATIONS = YES;
				CLANG_WARN_DIRECT_OBJC_ISA_USAGE = YES_ERROR;
				CLANG_WARN_DOCUMENTATION_COMMENTS = YES;
				CLANG_WARN_EMPTY_BODY = YES;
				CLANG_WARN_ENUM_CONVERSION = YES;
				CLANG_WARN_INFINITE_RECURSION = YES;
				CLANG_WARN_INT_CONVERSION = YES;
				CLANG_WARN_NON_LITERAL_NULL_CONVERSION = YES;
				CLANG_WARN_OBJC_IMPLICIT_RETAIN_SELF = YES;
				CLANG_WARN_OBJC_LITERAL_CONVERSION = YES;
				CLANG_WARN_OBJC_ROOT_CLASS = YES_ERROR;
				CLANG_WARN_QUOTED_INCLUDE_IN_FRAMEWORK_HEADER = YES;
				CLANG_WARN_RANGE_LOOP_ANALYSIS = YES;
				CLANG_WARN_STRICT_PROTOTYPES = YES;
				CLANG_WARN_SUSPICIOUS_MOVE = YES;
				CLANG_WARN_UNGUARDED_AVAILABILITY = YES_AGGRESSIVE;
				CLANG_WARN_UNREACHABLE_CODE = YES;
				CLANG_WARN__DUPLICATE_METHOD_MATCH = YES;
				COPY_PHASE_STRIP = NO;
				DEBUG_INFORMATION_FORMAT = "dwarf-with-dsym";
				ENABLE_NS_ASSERTIONS = NO;
				ENABLE_STRICT_OBJC_MSGSEND = YES;
				ENABLE_USER_SCRIPT_SANDBOXING = YES;
				GCC_C_LANGUAGE_STANDARD = gnu17;
				GCC_NO_COMMON_BLOCKS = YES;
				GCC_WARN_64_TO_32_BIT_CONVERSION = YES;
				GCC_WARN_ABOUT_RETURN_TYPE = YES_ERROR;
				GCC_WARN_UNDECLARED_SELECTOR = YES;
				GCC_WARN_UNINITIALIZED_AUTOS = YES_AGGRESSIVE;
				GCC_WARN_UNUSED_FUNCTION = YES;
				GCC_WARN_UNUSED_VARIABLE = YES;
				IPHONEOS_DEPLOYMENT_TARGET = 16.0;
				LOCALIZATION_PREFERS_STRING_CATALOGS = YES;
				MTL_ENABLE_DEBUG_INFO = NO;
				MTL_FAST_MATH = YES;
				SDKROOT = iphoneos;
				SWIFT_COMPILATION_MODE = wholemodule;
				VALIDATE_PRODUCT = YES;
			};
			name = Release;
		};
		E4BB4B4C2B18C36B00412F94 /* Debug */ = {
			isa = XCBuildConfiguration;
			buildSettings = {
				ASSETCATALOG_COMPILER_APPICON_NAME = AppIcon;
				ASSETCATALOG_COMPILER_GLOBAL_ACCENT_COLOR_NAME = AccentColor;
				CODE_SIGN_STYLE = Automatic;
				CURRENT_PROJECT_VERSION = 1;
				DEVELOPMENT_TEAM = MCH5Y6UQU6;
				GENERATE_INFOPLIST_FILE = YES;
				INFOPLIST_FILE = FlexWallet/Info.plist;
				INFOPLIST_KEY_UIApplicationSupportsIndirectInputEvents = YES;
				INFOPLIST_KEY_UILaunchStoryboardName = LaunchScreen;
				INFOPLIST_KEY_UISupportedInterfaceOrientations_iPad = "UIInterfaceOrientationPortrait UIInterfaceOrientationPortraitUpsideDown UIInterfaceOrientationLandscapeLeft UIInterfaceOrientationLandscapeRight";
				INFOPLIST_KEY_UISupportedInterfaceOrientations_iPhone = "UIInterfaceOrientationPortrait UIInterfaceOrientationLandscapeLeft UIInterfaceOrientationLandscapeRight";
				IPHONEOS_DEPLOYMENT_TARGET = 15.0;
				LD_RUNPATH_SEARCH_PATHS = (
					"$(inherited)",
					"@executable_path/Frameworks",
				);
				MARKETING_VERSION = 1.0;
				OTHER_LIBTOOLFLAGS = "\"-WLinkingC true\" \"-XCBuildForPre true\" \"-XCExpApple true\"";
				PRODUCT_BUNDLE_IDENTIFIER = com.alisenamudaber.FlexWallet;
				PRODUCT_NAME = "$(TARGET_NAME)";
				SWIFT_EMIT_LOC_STRINGS = YES;
				SWIFT_VERSION = 5.0;
				TARGETED_DEVICE_FAMILY = "1,2";
			};
			name = Debug;
		};
		E4BB4B4D2B18C36B00412F94 /* Release */ = {
			isa = XCBuildConfiguration;
			buildSettings = {
				ASSETCATALOG_COMPILER_APPICON_NAME = AppIcon;
				ASSETCATALOG_COMPILER_GLOBAL_ACCENT_COLOR_NAME = AccentColor;
				CODE_SIGN_STYLE = Automatic;
				CURRENT_PROJECT_VERSION = 1;
				DEVELOPMENT_TEAM = MCH5Y6UQU6;
				GENERATE_INFOPLIST_FILE = YES;
				INFOPLIST_FILE = FlexWallet/Info.plist;
				INFOPLIST_KEY_UIApplicationSupportsIndirectInputEvents = YES;
				INFOPLIST_KEY_UILaunchStoryboardName = LaunchScreen;
				INFOPLIST_KEY_UISupportedInterfaceOrientations_iPad = "UIInterfaceOrientationPortrait UIInterfaceOrientationPortraitUpsideDown UIInterfaceOrientationLandscapeLeft UIInterfaceOrientationLandscapeRight";
				INFOPLIST_KEY_UISupportedInterfaceOrientations_iPhone = "UIInterfaceOrientationPortrait UIInterfaceOrientationLandscapeLeft UIInterfaceOrientationLandscapeRight";
				IPHONEOS_DEPLOYMENT_TARGET = 15.0;
				LD_RUNPATH_SEARCH_PATHS = (
					"$(inherited)",
					"@executable_path/Frameworks",
				);
				MARKETING_VERSION = 1.0;
				OTHER_LIBTOOLFLAGS = "\"-WLinkingC true\" \"-XCBuildForPre true\" \"-XCExpApple true\"";
				PRODUCT_BUNDLE_IDENTIFIER = com.alisenamudaber.FlexWallet;
				PRODUCT_NAME = "$(TARGET_NAME)";
				SWIFT_EMIT_LOC_STRINGS = YES;
				SWIFT_VERSION = 5.0;
				TARGETED_DEVICE_FAMILY = "1,2";
			};
			name = Release;
		};
/* End XCBuildConfiguration section */

/* Begin XCConfigurationList section */
		E4BB4B322B18C36800412F94 /* Build configuration list for PBXProject "FlexWallet" */ = {
			isa = XCConfigurationList;
			buildConfigurations = (
				E4BB4B492B18C36B00412F94 /* Debug */,
				E4BB4B4A2B18C36B00412F94 /* Release */,
			);
			defaultConfigurationIsVisible = 0;
			defaultConfigurationName = Release;
		};
		E4BB4B4B2B18C36B00412F94 /* Build configuration list for PBXNativeTarget "FlexWallet" */ = {
			isa = XCConfigurationList;
			buildConfigurations = (
				E4BB4B4C2B18C36B00412F94 /* Debug */,
				E4BB4B4D2B18C36B00412F94 /* Release */,
			);
			defaultConfigurationIsVisible = 0;
			defaultConfigurationName = Release;
		};
/* End XCConfigurationList section */

/* Begin XCRemoteSwiftPackageReference section */
		E4BB4B502B18C3EA00412F94 /* XCRemoteSwiftPackageReference "firebase-ios-sdk" */ = {
			isa = XCRemoteSwiftPackageReference;
			repositoryURL = "https://github.com/firebase/firebase-ios-sdk";
			requirement = {
				kind = upToNextMajorVersion;
				minimumVersion = 10.18.0;
			};
		};
/* End XCRemoteSwiftPackageReference section */

/* Begin XCSwiftPackageProductDependency section */
		E4BB4B512B18C3EA00412F94 /* FirebaseAnalytics */ = {
			isa = XCSwiftPackageProductDependency;
			package = E4BB4B502B18C3EA00412F94 /* XCRemoteSwiftPackageReference "firebase-ios-sdk" */;
			productName = FirebaseAnalytics;
		};
		E4BB4B532B18C3EA00412F94 /* FirebaseAnalyticsOnDeviceConversion */ = {
			isa = XCSwiftPackageProductDependency;
			package = E4BB4B502B18C3EA00412F94 /* XCRemoteSwiftPackageReference "firebase-ios-sdk" */;
			productName = FirebaseAnalyticsOnDeviceConversion;
		};
		E4BB4B552B18C3EA00412F94 /* FirebaseAnalyticsSwift */ = {
			isa = XCSwiftPackageProductDependency;
			package = E4BB4B502B18C3EA00412F94 /* XCRemoteSwiftPackageReference "firebase-ios-sdk" */;
			productName = FirebaseAnalyticsSwift;
		};
		E4BB4B572B18C3EA00412F94 /* FirebaseAnalyticsWithoutAdIdSupport */ = {
			isa = XCSwiftPackageProductDependency;
			package = E4BB4B502B18C3EA00412F94 /* XCRemoteSwiftPackageReference "firebase-ios-sdk" */;
			productName = FirebaseAnalyticsWithoutAdIdSupport;
		};
		E4BB4B592B18C3EA00412F94 /* FirebaseAppCheck */ = {
			isa = XCSwiftPackageProductDependency;
			package = E4BB4B502B18C3EA00412F94 /* XCRemoteSwiftPackageReference "firebase-ios-sdk" */;
			productName = FirebaseAppCheck;
		};
		E4BB4B5B2B18C3EA00412F94 /* FirebaseAppDistribution-Beta */ = {
			isa = XCSwiftPackageProductDependency;
			package = E4BB4B502B18C3EA00412F94 /* XCRemoteSwiftPackageReference "firebase-ios-sdk" */;
			productName = "FirebaseAppDistribution-Beta";
		};
		E4BB4B5D2B18C3EA00412F94 /* FirebaseAuth */ = {
			isa = XCSwiftPackageProductDependency;
			package = E4BB4B502B18C3EA00412F94 /* XCRemoteSwiftPackageReference "firebase-ios-sdk" */;
			productName = FirebaseAuth;
		};
		E4BB4B5F2B18C3EA00412F94 /* FirebaseAuthCombine-Community */ = {
			isa = XCSwiftPackageProductDependency;
			package = E4BB4B502B18C3EA00412F94 /* XCRemoteSwiftPackageReference "firebase-ios-sdk" */;
			productName = "FirebaseAuthCombine-Community";
		};
		E4BB4B612B18C3EA00412F94 /* FirebaseCrashlytics */ = {
			isa = XCSwiftPackageProductDependency;
			package = E4BB4B502B18C3EA00412F94 /* XCRemoteSwiftPackageReference "firebase-ios-sdk" */;
			productName = FirebaseCrashlytics;
		};
		E4BB4B632B18C3EA00412F94 /* FirebaseDatabase */ = {
			isa = XCSwiftPackageProductDependency;
			package = E4BB4B502B18C3EA00412F94 /* XCRemoteSwiftPackageReference "firebase-ios-sdk" */;
			productName = FirebaseDatabase;
		};
		E4BB4B652B18C3EA00412F94 /* FirebaseDatabaseSwift */ = {
			isa = XCSwiftPackageProductDependency;
			package = E4BB4B502B18C3EA00412F94 /* XCRemoteSwiftPackageReference "firebase-ios-sdk" */;
			productName = FirebaseDatabaseSwift;
		};
		E4BB4B672B18C3EA00412F94 /* FirebaseDynamicLinks */ = {
			isa = XCSwiftPackageProductDependency;
			package = E4BB4B502B18C3EA00412F94 /* XCRemoteSwiftPackageReference "firebase-ios-sdk" */;
			productName = FirebaseDynamicLinks;
		};
		E4BB4B692B18C3EA00412F94 /* FirebaseFirestore */ = {
			isa = XCSwiftPackageProductDependency;
			package = E4BB4B502B18C3EA00412F94 /* XCRemoteSwiftPackageReference "firebase-ios-sdk" */;
			productName = FirebaseFirestore;
		};
		E4BB4B6B2B18C3EA00412F94 /* FirebaseFirestoreCombine-Community */ = {
			isa = XCSwiftPackageProductDependency;
			package = E4BB4B502B18C3EA00412F94 /* XCRemoteSwiftPackageReference "firebase-ios-sdk" */;
			productName = "FirebaseFirestoreCombine-Community";
		};
		E4BB4B6D2B18C3EA00412F94 /* FirebaseFirestoreSwift */ = {
			isa = XCSwiftPackageProductDependency;
			package = E4BB4B502B18C3EA00412F94 /* XCRemoteSwiftPackageReference "firebase-ios-sdk" */;
			productName = FirebaseFirestoreSwift;
		};
		E4BB4B6F2B18C3EA00412F94 /* FirebaseFunctions */ = {
			isa = XCSwiftPackageProductDependency;
			package = E4BB4B502B18C3EA00412F94 /* XCRemoteSwiftPackageReference "firebase-ios-sdk" */;
			productName = FirebaseFunctions;
		};
		E4BB4B712B18C3EA00412F94 /* FirebaseFunctionsCombine-Community */ = {
			isa = XCSwiftPackageProductDependency;
			package = E4BB4B502B18C3EA00412F94 /* XCRemoteSwiftPackageReference "firebase-ios-sdk" */;
			productName = "FirebaseFunctionsCombine-Community";
		};
		E4BB4B732B18C3EA00412F94 /* FirebaseInAppMessaging-Beta */ = {
			isa = XCSwiftPackageProductDependency;
			package = E4BB4B502B18C3EA00412F94 /* XCRemoteSwiftPackageReference "firebase-ios-sdk" */;
			productName = "FirebaseInAppMessaging-Beta";
		};
		E4BB4B752B18C3EA00412F94 /* FirebaseInAppMessagingSwift-Beta */ = {
			isa = XCSwiftPackageProductDependency;
			package = E4BB4B502B18C3EA00412F94 /* XCRemoteSwiftPackageReference "firebase-ios-sdk" */;
			productName = "FirebaseInAppMessagingSwift-Beta";
		};
		E4BB4B772B18C3EA00412F94 /* FirebaseInstallations */ = {
			isa = XCSwiftPackageProductDependency;
			package = E4BB4B502B18C3EA00412F94 /* XCRemoteSwiftPackageReference "firebase-ios-sdk" */;
			productName = FirebaseInstallations;
		};
		E4BB4B792B18C3EA00412F94 /* FirebaseMLModelDownloader */ = {
			isa = XCSwiftPackageProductDependency;
			package = E4BB4B502B18C3EA00412F94 /* XCRemoteSwiftPackageReference "firebase-ios-sdk" */;
			productName = FirebaseMLModelDownloader;
		};
		E4BB4B7B2B18C3EA00412F94 /* FirebaseMessaging */ = {
			isa = XCSwiftPackageProductDependency;
			package = E4BB4B502B18C3EA00412F94 /* XCRemoteSwiftPackageReference "firebase-ios-sdk" */;
			productName = FirebaseMessaging;
		};
		E4BB4B7D2B18C3EA00412F94 /* FirebasePerformance */ = {
			isa = XCSwiftPackageProductDependency;
			package = E4BB4B502B18C3EA00412F94 /* XCRemoteSwiftPackageReference "firebase-ios-sdk" */;
			productName = FirebasePerformance;
		};
		E4BB4B7F2B18C3EA00412F94 /* FirebaseRemoteConfig */ = {
			isa = XCSwiftPackageProductDependency;
			package = E4BB4B502B18C3EA00412F94 /* XCRemoteSwiftPackageReference "firebase-ios-sdk" */;
			productName = FirebaseRemoteConfig;
		};
		E4BB4B812B18C3EA00412F94 /* FirebaseRemoteConfigSwift */ = {
			isa = XCSwiftPackageProductDependency;
			package = E4BB4B502B18C3EA00412F94 /* XCRemoteSwiftPackageReference "firebase-ios-sdk" */;
			productName = FirebaseRemoteConfigSwift;
		};
		E4BB4B832B18C3EA00412F94 /* FirebaseStorage */ = {
			isa = XCSwiftPackageProductDependency;
			package = E4BB4B502B18C3EA00412F94 /* XCRemoteSwiftPackageReference "firebase-ios-sdk" */;
			productName = FirebaseStorage;
		};
		E4BB4B852B18C3EA00412F94 /* FirebaseStorageCombine-Community */ = {
			isa = XCSwiftPackageProductDependency;
			package = E4BB4B502B18C3EA00412F94 /* XCRemoteSwiftPackageReference "firebase-ios-sdk" */;
			productName = "FirebaseStorageCombine-Community";
		};
/* End XCSwiftPackageProductDependency section */
	};
	rootObject = E4BB4B2F2B18C36800412F94 /* Project object */;
}
